PODS:
  - FMDB (2.7.5):
    - FMDB/standard (= 2.7.5)
  - FMDB/standard (2.7.5)

DEPENDENCIES:
  - FMDB

SPEC REPOS:
  https://github.com/cocoapods/specs.git:
    - FMDB

SPEC CHECKSUMS:
  FMDB: 2ce00b547f966261cd18927a3ddb07cb6f3db82a

PODFILE CHECKSUM: fdc6387c4f4cebd2d545023a34275e7aead56c2d

COCOAPODS: 1.6.0
