// !$*UTF8*$!
{
	archiveVersion = 1;
	classes = {
	};
	objectVersion = 48;
	objects = {

/* Begin PBXBuildFile section */
		3D17EFBC20C5F599002AEBE2 /* AppDelegate.swift in Sources */ = {isa = PBXBuildFile; fileRef = 3D17EFBB20C5F599002AEBE2 /* AppDelegate.swift */; };
		3D17EFBE20C5F599002AEBE2 /* art.scnassets in Resources */ = {isa = PBXBuildFile; fileRef = 3D17EFBD20C5F599002AEBE2 /* art.scnassets */; };
		3D17EFC020C5F599002AEBE2 /* GameViewController.swift in Sources */ = {isa = PBXBuildFile; fileRef = 3D17EFBF20C5F599002AEBE2 /* GameViewController.swift */; };
		3D17EFC520C5F599002AEBE2 /* Assets.xcassets in Resources */ = {isa = PBXBuildFile; fileRef = 3D17EFC420C5F599002AEBE2 /* Assets.xcassets */; };
		3D17EFC820C5F599002AEBE2 /* LaunchScreen.storyboard in Resources */ = {isa = PBXBuildFile; fileRef = 3D17EFC620C5F599002AEBE2 /* LaunchScreen.storyboard */; };
		3D17EFD420C75156002AEBE2 /* Extensions.swift in Sources */ = {isa = PBXBuildFile; fileRef = 3D17EFD320C75156002AEBE2 /* Extensions.swift */; };
		3D3DDCD220D1EBD400B865CE /* floor1.dat in Resources */ = {isa = PBXBuildFile; fileRef = 3D3DDCD120D1EBD400B865CE /* floor1.dat */; };
		3D3DDCD420D1EBDA00B865CE /* floor2.dat in Resources */ = {isa = PBXBuildFile; fileRef = 3D3DDCD320D1EBDA00B865CE /* floor2.dat */; };
		3D3DDCD720D1ED4F00B865CE /* Node.swift in Sources */ = {isa = PBXBuildFile; fileRef = 3D3DDCD620D1ED4F00B865CE /* Node.swift */; };
		3D3DDCDA20D1EE1100B865CE /* NodeParser.swift in Sources */ = {isa = PBXBuildFile; fileRef = 3D3DDCD920D1EE1100B865CE /* NodeParser.swift */; };
		3D5B785820CCC1B40048AEE7 /* NavigationWindowController.swift in Sources */ = {isa = PBXBuildFile; fileRef = 3D5B785720CCC1B40048AEE7 /* NavigationWindowController.swift */; };
		3D5B785A20CCD7440048AEE7 /* NavOptionsController.swift in Sources */ = {isa = PBXBuildFile; fileRef = 3D5B785920CCD7440048AEE7 /* NavOptionsController.swift */; };
		3D5B785C20CCD8250048AEE7 /* RoomSearchController.swift in Sources */ = {isa = PBXBuildFile; fileRef = 3D5B785B20CCD8250048AEE7 /* RoomSearchController.swift */; };
		3D93246920C9C7AE00BDF3C7 /* OverlayController.swift in Sources */ = {isa = PBXBuildFile; fileRef = 3D93246820C9C7AE00BDF3C7 /* OverlayController.swift */; };
/* End PBXBuildFile section */

/* Begin PBXFileReference section */
		3D17EFB820C5F599002AEBE2 /* Conant Map.app */ = {isa = PBXFileReference; explicitFileType = wrapper.application; includeInIndex = 0; path = "Conant Map.app"; sourceTree = BUILT_PRODUCTS_DIR; };
		3D17EFBB20C5F599002AEBE2 /* AppDelegate.swift */ = {isa = PBXFileReference; lastKnownFileType = sourcecode.swift; path = AppDelegate.swift; sourceTree = "<group>"; };
		3D17EFBD20C5F599002AEBE2 /* art.scnassets */ = {isa = PBXFileReference; lastKnownFileType = wrapper.scnassets; path = art.scnassets; sourceTree = "<group>"; };
		3D17EFBF20C5F599002AEBE2 /* GameViewController.swift */ = {isa = PBXFileReference; lastKnownFileType = sourcecode.swift; path = GameViewController.swift; sourceTree = "<group>"; };
		3D17EFC420C5F599002AEBE2 /* Assets.xcassets */ = {isa = PBXFileReference; lastKnownFileType = folder.assetcatalog; path = Assets.xcassets; sourceTree = "<group>"; };
		3D17EFC720C5F599002AEBE2 /* Base */ = {isa = PBXFileReference; lastKnownFileType = file.storyboard; name = Base; path = Base.lproj/LaunchScreen.storyboard; sourceTree = "<group>"; };
		3D17EFC920C5F599002AEBE2 /* Info.plist */ = {isa = PBXFileReference; lastKnownFileType = text.plist.xml; path = Info.plist; sourceTree = "<group>"; };
		3D17EFD320C75156002AEBE2 /* Extensions.swift */ = {isa = PBXFileReference; lastKnownFileType = sourcecode.swift; path = Extensions.swift; sourceTree = "<group>"; };
		3D3DDCD120D1EBD400B865CE /* floor1.dat */ = {isa = PBXFileReference; fileEncoding = 4; lastKnownFileType = text; path = floor1.dat; sourceTree = "<group>"; };
		3D3DDCD320D1EBDA00B865CE /* floor2.dat */ = {isa = PBXFileReference; fileEncoding = 4; lastKnownFileType = text; path = floor2.dat; sourceTree = "<group>"; };
		3D3DDCD620D1ED4F00B865CE /* Node.swift */ = {isa = PBXFileReference; lastKnownFileType = sourcecode.swift; path = Node.swift; sourceTree = "<group>"; };
		3D3DDCD920D1EE1100B865CE /* NodeParser.swift */ = {isa = PBXFileReference; lastKnownFileType = sourcecode.swift; path = NodeParser.swift; sourceTree = "<group>"; };
		3D5B785720CCC1B40048AEE7 /* NavigationWindowController.swift */ = {isa = PBXFileReference; lastKnownFileType = sourcecode.swift; path = NavigationWindowController.swift; sourceTree = "<group>"; };
		3D5B785920CCD7440048AEE7 /* NavOptionsController.swift */ = {isa = PBXFileReference; lastKnownFileType = sourcecode.swift; path = NavOptionsController.swift; sourceTree = "<group>"; };
		3D5B785B20CCD8250048AEE7 /* RoomSearchController.swift */ = {isa = PBXFileReference; lastKnownFileType = sourcecode.swift; path = RoomSearchController.swift; sourceTree = "<group>"; };
		3D93246820C9C7AE00BDF3C7 /* OverlayController.swift */ = {isa = PBXFileReference; lastKnownFileType = sourcecode.swift; path = OverlayController.swift; sourceTree = "<group>"; };
/* End PBXFileReference section */

/* Begin PBXFrameworksBuildPhase section */
		3D17EFB520C5F599002AEBE2 /* Frameworks */ = {
			isa = PBXFrameworksBuildPhase;
			buildActionMask = 2147483647;
			files = (
			);
			runOnlyForDeploymentPostprocessing = 0;
		};
/* End PBXFrameworksBuildPhase section */

/* Begin PBXGroup section */
		3D17EFAF20C5F599002AEBE2 = {
			isa = PBXGroup;
			children = (
				3D17EFBA20C5F599002AEBE2 /* Conant Map */,
				3D17EFB920C5F599002AEBE2 /* Products */,
			);
			sourceTree = "<group>";
		};
		3D17EFB920C5F599002AEBE2 /* Products */ = {
			isa = PBXGroup;
			children = (
				3D17EFB820C5F599002AEBE2 /* Conant Map.app */,
			);
			name = Products;
			sourceTree = "<group>";
		};
		3D17EFBA20C5F599002AEBE2 /* Conant Map */ = {
			isa = PBXGroup;
			children = (
				3D17EFBB20C5F599002AEBE2 /* AppDelegate.swift */,
				3D5B785520CCA72F0048AEE7 /* Controllers */,
				3D3DDCD820D1EDDF00B865CE /* Logic */,
				3D3DDCD520D1ED2E00B865CE /* Model */,
				3D5B785620CCA7460048AEE7 /* Helpers */,
				3D3DDCD020D1EBB200B865CE /* Data */,
				3D17EFBD20C5F599002AEBE2 /* art.scnassets */,
				3D17EFC420C5F599002AEBE2 /* Assets.xcassets */,
				3D17EFC620C5F599002AEBE2 /* LaunchScreen.storyboard */,
				3D17EFC920C5F599002AEBE2 /* Info.plist */,
			);
			path = "Conant Map";
			sourceTree = "<group>";
		};
		3D3DDCD020D1EBB200B865CE /* Data */ = {
			isa = PBXGroup;
			children = (
				3D3DDCD120D1EBD400B865CE /* floor1.dat */,
				3D3DDCD320D1EBDA00B865CE /* floor2.dat */,
			);
			path = Data;
			sourceTree = "<group>";
		};
		3D3DDCD520D1ED2E00B865CE /* Model */ = {
			isa = PBXGroup;
			children = (
				3D3DDCD620D1ED4F00B865CE /* Node.swift */,
			);
			path = Model;
			sourceTree = "<group>";
		};
		3D3DDCD820D1EDDF00B865CE /* Logic */ = {
			isa = PBXGroup;
			children = (
				3D3DDCD920D1EE1100B865CE /* NodeParser.swift */,
			);
			path = Logic;
			sourceTree = "<group>";
		};
		3D5B785520CCA72F0048AEE7 /* Controllers */ = {
			isa = PBXGroup;
			children = (
				3D93246820C9C7AE00BDF3C7 /* OverlayController.swift */,
				3D17EFBF20C5F599002AEBE2 /* GameViewController.swift */,
				3D5B785720CCC1B40048AEE7 /* NavigationWindowController.swift */,
				3D5B785920CCD7440048AEE7 /* NavOptionsController.swift */,
				3D5B785B20CCD8250048AEE7 /* RoomSearchController.swift */,
			);
			path = Controllers;
			sourceTree = "<group>";
		};
		3D5B785620CCA7460048AEE7 /* Helpers */ = {
			isa = PBXGroup;
			children = (
				3D17EFD320C75156002AEBE2 /* Extensions.swift */,
			);
			path = Helpers;
			sourceTree = "<group>";
		};
/* End PBXGroup section */

/* Begin PBXNativeTarget section */
		3D17EFB720C5F599002AEBE2 /* Conant Map */ = {
			isa = PBXNativeTarget;
			buildConfigurationList = 3D17EFCC20C5F599002AEBE2 /* Build configuration list for PBXNativeTarget "Conant Map" */;
			buildPhases = (
				3D17EFB420C5F599002AEBE2 /* Sources */,
				3D17EFB520C5F599002AEBE2 /* Frameworks */,
				3D17EFB620C5F599002AEBE2 /* Resources */,
			);
			buildRules = (
			);
			dependencies = (
			);
			name = "Conant Map";
			productName = "Conant Map";
			productReference = 3D17EFB820C5F599002AEBE2 /* Conant Map.app */;
			productType = "com.apple.product-type.application";
		};
/* End PBXNativeTarget section */

/* Begin PBXProject section */
		3D17EFB020C5F599002AEBE2 /* Project object */ = {
			isa = PBXProject;
			attributes = {
				LastSwiftUpdateCheck = 0920;
				LastUpgradeCheck = 0940;
				ORGANIZATIONNAME = "Johnny Waity";
				TargetAttributes = {
					3D17EFB720C5F599002AEBE2 = {
						CreatedOnToolsVersion = 9.2;
						ProvisioningStyle = Automatic;
					};
				};
			};
			buildConfigurationList = 3D17EFB320C5F599002AEBE2 /* Build configuration list for PBXProject "Conant Map" */;
			compatibilityVersion = "Xcode 8.0";
			developmentRegion = en;
			hasScannedForEncodings = 0;
			knownRegions = (
				en,
				Base,
			);
			mainGroup = 3D17EFAF20C5F599002AEBE2;
			productRefGroup = 3D17EFB920C5F599002AEBE2 /* Products */;
			projectDirPath = "";
			projectRoot = "";
			targets = (
				3D17EFB720C5F599002AEBE2 /* Conant Map */,
			);
		};
/* End PBXProject section */

/* Begin PBXResourcesBuildPhase section */
		3D17EFB620C5F599002AEBE2 /* Resources */ = {
			isa = PBXResourcesBuildPhase;
			buildActionMask = 2147483647;
			files = (
				3D3DDCD220D1EBD400B865CE /* floor1.dat in Resources */,
				3D17EFBE20C5F599002AEBE2 /* art.scnassets in Resources */,
				3D17EFC820C5F599002AEBE2 /* LaunchScreen.storyboard in Resources */,
				3D3DDCD420D1EBDA00B865CE /* floor2.dat in Resources */,
				3D17EFC520C5F599002AEBE2 /* Assets.xcassets in Resources */,
			);
			runOnlyForDeploymentPostprocessing = 0;
		};
/* End PBXResourcesBuildPhase section */

/* Begin PBXSourcesBuildPhase section */
		3D17EFB420C5F599002AEBE2 /* Sources */ = {
			isa = PBXSourcesBuildPhase;
			buildActionMask = 2147483647;
			files = (
				3D5B785A20CCD7440048AEE7 /* NavOptionsController.swift in Sources */,
				3D93246920C9C7AE00BDF3C7 /* OverlayController.swift in Sources */,
				3D5B785C20CCD8250048AEE7 /* RoomSearchController.swift in Sources */,
				3D3DDCD720D1ED4F00B865CE /* Node.swift in Sources */,
				3D17EFC020C5F599002AEBE2 /* GameViewController.swift in Sources */,
				3D3DDCDA20D1EE1100B865CE /* NodeParser.swift in Sources */,
				3D5B785820CCC1B40048AEE7 /* NavigationWindowController.swift in Sources */,
				3D17EFD420C75156002AEBE2 /* Extensions.swift in Sources */,
				3D17EFBC20C5F599002AEBE2 /* AppDelegate.swift in Sources */,
			);
			runOnlyForDeploymentPostprocessing = 0;
		};
/* End PBXSourcesBuildPhase section */

/* Begin PBXVariantGroup section */
		3D17EFC620C5F599002AEBE2 /* LaunchScreen.storyboard */ = {
			isa = PBXVariantGroup;
			children = (
				3D17EFC720C5F599002AEBE2 /* Base */,
			);
			name = LaunchScreen.storyboard;
			sourceTree = "<group>";
		};
/* End PBXVariantGroup section */

/* Begin XCBuildConfiguration section */
		3D17EFCA20C5F599002AEBE2 /* Debug */ = {
			isa = XCBuildConfiguration;
			buildSettings = {
				ALWAYS_SEARCH_USER_PATHS = NO;
				CLANG_ANALYZER_NONNULL = YES;
				CLANG_ANALYZER_NUMBER_OBJECT_CONVERSION = YES_AGGRESSIVE;
				CLANG_CXX_LANGUAGE_STANDARD = "gnu++14";
				CLANG_CXX_LIBRARY = "libc++";
				CLANG_ENABLE_MODULES = YES;
				CLANG_ENABLE_OBJC_ARC = YES;
				CLANG_WARN_BLOCK_CAPTURE_AUTORELEASING = YES;
				CLANG_WARN_BOOL_CONVERSION = YES;
				CLANG_WARN_COMMA = YES;
				CLANG_WARN_CONSTANT_CONVERSION = YES;
				CLANG_WARN_DIRECT_OBJC_ISA_USAGE = YES_ERROR;
				CLANG_WARN_DOCUMENTATION_COMMENTS = YES;
				CLANG_WARN_EMPTY_BODY = YES;
				CLANG_WARN_ENUM_CONVERSION = YES;
				CLANG_WARN_INFINITE_RECURSION = YES;
				CLANG_WARN_INT_CONVERSION = YES;
				CLANG_WARN_NON_LITERAL_NULL_CONVERSION = YES;
				CLANG_WARN_OBJC_LITERAL_CONVERSION = YES;
				CLANG_WARN_OBJC_ROOT_CLASS = YES_ERROR;
				CLANG_WARN_RANGE_LOOP_ANALYSIS = YES;
				CLANG_WARN_STRICT_PROTOTYPES = YES;
				CLANG_WARN_SUSPICIOUS_MOVE = YES;
				CLANG_WARN_UNGUARDED_AVAILABILITY = YES_AGGRESSIVE;
				CLANG_WARN_UNREACHABLE_CODE = YES;
				CLANG_WARN__DUPLICATE_METHOD_MATCH = YES;
				CODE_SIGN_IDENTITY = "iPhone Developer";
				COPY_PHASE_STRIP = NO;
				DEBUG_INFORMATION_FORMAT = dwarf;
				ENABLE_STRICT_OBJC_MSGSEND = YES;
				ENABLE_TESTABILITY = YES;
				GCC_C_LANGUAGE_STANDARD = gnu11;
				GCC_DYNAMIC_NO_PIC = NO;
				GCC_NO_COMMON_BLOCKS = YES;
				GCC_OPTIMIZATION_LEVEL = 0;
				GCC_PREPROCESSOR_DEFINITIONS = (
					"DEBUG=1",
					"$(inherited)",
				);
				GCC_WARN_64_TO_32_BIT_CONVERSION = YES;
				GCC_WARN_ABOUT_RETURN_TYPE = YES_ERROR;
				GCC_WARN_UNDECLARED_SELECTOR = YES;
				GCC_WARN_UNINITIALIZED_AUTOS = YES_AGGRESSIVE;
				GCC_WARN_UNUSED_FUNCTION = YES;
				GCC_WARN_UNUSED_VARIABLE = YES;
				IPHONEOS_DEPLOYMENT_TARGET = 11.2;
				MTL_ENABLE_DEBUG_INFO = YES;
				ONLY_ACTIVE_ARCH = YES;
				SDKROOT = iphoneos;
				SWIFT_ACTIVE_COMPILATION_CONDITIONS = DEBUG;
				SWIFT_OPTIMIZATION_LEVEL = "-Onone";
			};
			name = Debug;
		};
		3D17EFCB20C5F599002AEBE2 /* Release */ = {
			isa = XCBuildConfiguration;
			buildSettings = {
				ALWAYS_SEARCH_USER_PATHS = NO;
				CLANG_ANALYZER_NONNULL = YES;
				CLANG_ANALYZER_NUMBER_OBJECT_CONVERSION = YES_AGGRESSIVE;
				CLANG_CXX_LANGUAGE_STANDARD = "gnu++14";
				CLANG_CXX_LIBRARY = "libc++";
				CLANG_ENABLE_MODULES = YES;
				CLANG_ENABLE_OBJC_ARC = YES;
				CLANG_WARN_BLOCK_CAPTURE_AUTORELEASING = YES;
				CLANG_WARN_BOOL_CONVERSION = YES;
				CLANG_WARN_COMMA = YES;
				CLANG_WARN_CONSTANT_CONVERSION = YES;
				CLANG_WARN_DIRECT_OBJC_ISA_USAGE = YES_ERROR;
				CLANG_WARN_DOCUMENTATION_COMMENTS = YES;
				CLANG_WARN_EMPTY_BODY = YES;
				CLANG_WARN_ENUM_CONVERSION = YES;
				CLANG_WARN_INFINITE_RECURSION = YES;
				CLANG_WARN_INT_CONVERSION = YES;
				CLANG_WARN_NON_LITERAL_NULL_CONVERSION = YES;
				CLANG_WARN_OBJC_LITERAL_CONVERSION = YES;
				CLANG_WARN_OBJC_ROOT_CLASS = YES_ERROR;
				CLANG_WARN_RANGE_LOOP_ANALYSIS = YES;
				CLANG_WARN_STRICT_PROTOTYPES = YES;
				CLANG_WARN_SUSPICIOUS_MOVE = YES;
				CLANG_WARN_UNGUARDED_AVAILABILITY = YES_AGGRESSIVE;
				CLANG_WARN_UNREACHABLE_CODE = YES;
				CLANG_WARN__DUPLICATE_METHOD_MATCH = YES;
				CODE_SIGN_IDENTITY = "iPhone Developer";
				COPY_PHASE_STRIP = NO;
				DEBUG_INFORMATION_FORMAT = "dwarf-with-dsym";
				ENABLE_NS_ASSERTIONS = NO;
				ENABLE_STRICT_OBJC_MSGSEND = YES;
				GCC_C_LANGUAGE_STANDARD = gnu11;
				GCC_NO_COMMON_BLOCKS = YES;
				GCC_WARN_64_TO_32_BIT_CONVERSION = YES;
				GCC_WARN_ABOUT_RETURN_TYPE = YES_ERROR;
				GCC_WARN_UNDECLARED_SELECTOR = YES;
				GCC_WARN_UNINITIALIZED_AUTOS = YES_AGGRESSIVE;
				GCC_WARN_UNUSED_FUNCTION = YES;
				GCC_WARN_UNUSED_VARIABLE = YES;
				IPHONEOS_DEPLOYMENT_TARGET = 11.2;
				MTL_ENABLE_DEBUG_INFO = NO;
				SDKROOT = iphoneos;
				SWIFT_OPTIMIZATION_LEVEL = "-Owholemodule";
				VALIDATE_PRODUCT = YES;
			};
			name = Release;
		};
		3D17EFCD20C5F599002AEBE2 /* Debug */ = {
			isa = XCBuildConfiguration;
			buildSettings = {
				ASSETCATALOG_COMPILER_APPICON_NAME = AppIcon;
				CODE_SIGN_STYLE = Automatic;
				DEVELOPMENT_TEAM = 86FFSYZRW3;
				INFOPLIST_FILE = "Conant Map/Info.plist";
				IPHONEOS_DEPLOYMENT_TARGET = 10.0;
				LD_RUNPATH_SEARCH_PATHS = "$(inherited) @executable_path/Frameworks";
				PRODUCT_BUNDLE_IDENTIFIER = "com.johnnywaity.Conant-Map";
				PRODUCT_NAME = "$(TARGET_NAME)";
				SWIFT_VERSION = 4.0;
				TARGETED_DEVICE_FAMILY = 2;
			};
			name = Debug;
		};
		3D17EFCE20C5F599002AEBE2 /* Release */ = {
			isa = XCBuildConfiguration;
			buildSettings = {
				ASSETCATALOG_COMPILER_APPICON_NAME = AppIcon;
				CODE_SIGN_STYLE = Automatic;
				DEVELOPMENT_TEAM = 86FFSYZRW3;
				INFOPLIST_FILE = "Conant Map/Info.plist";
				IPHONEOS_DEPLOYMENT_TARGET = 10.0;
				LD_RUNPATH_SEARCH_PATHS = "$(inherited) @executable_path/Frameworks";
				PRODUCT_BUNDLE_IDENTIFIER = "com.johnnywaity.Conant-Map";
				PRODUCT_NAME = "$(TARGET_NAME)";
				SWIFT_VERSION = 4.0;
				TARGETED_DEVICE_FAMILY = 2;
			};
			name = Release;
		};
/* End XCBuildConfiguration section */

/* Begin XCConfigurationList section */
		3D17EFB320C5F599002AEBE2 /* Build configuration list for PBXProject "Conant Map" */ = {
			isa = XCConfigurationList;
			buildConfigurations = (
				3D17EFCA20C5F599002AEBE2 /* Debug */,
				3D17EFCB20C5F599002AEBE2 /* Release */,
			);
			defaultConfigurationIsVisible = 0;
			defaultConfigurationName = Release;
		};
		3D17EFCC20C5F599002AEBE2 /* Build configuration list for PBXNativeTarget "Conant Map" */ = {
			isa = XCConfigurationList;
			buildConfigurations = (
				3D17EFCD20C5F599002AEBE2 /* Debug */,
				3D17EFCE20C5F599002AEBE2 /* Release */,
			);
			defaultConfigurationIsVisible = 0;
			defaultConfigurationName = Release;
		};
/* End XCConfigurationList section */
	};
	rootObject = 3D17EFB020C5F599002AEBE2 /* Project object */;
}
